
Microsoft Visual Studio Solution File, Format Version 12.00
# Visual Studio Version 17
VisualStudioVersion = 17.1.32407.343
MinimumVisualStudioVersion = 10.0.40219.1
Project("{FAE04EC0-301F-11D3-BF4B-00C04F79EFBC}") = "Galactica_nich2072", "Galactica_nich2072.csproj", "{3AADDCC2-4884-46BE-9153-13ED29BD9D03}"
EndProject
Global
	GlobalSection(SolutionConfigurationPlatforms) = preSolution
		Debug|Any CPU = Debug|Any CPU
		Release|Any CPU = Release|Any CPU
	EndGlobalSection
	GlobalSection(ProjectConfigurationPlatforms) = postSolution
		{3AADDCC2-4884-46BE-9153-13ED29BD9D03}.Debug|Any CPU.ActiveCfg = Debug|Any CPU
		{3AADDCC2-4884-46BE-9153-13ED29BD9D03}.Debug|Any CPU.Build.0 = Debug|Any CPU
		{3AADDCC2-4884-46BE-9153-13ED29BD9D03}.Release|Any CPU.ActiveCfg = Release|Any CPU
		{3AADDCC2-4884-46BE-9153-13ED29BD9D03}.Release|Any CPU.Build.0 = Release|Any CPU
	EndGlobalSection
	GlobalSection(SolutionProperties) = preSolution
		HideSolutionNode = FALSE
	EndGlobalSection
	GlobalSection(ExtensibilityGlobals) = postSolution
		SolutionGuid = {B2D74D19-A0FC-4272-96C4-5B4BC063D893}
	EndGlobalSection
EndGlobal
